// !$*UTF8*$!
{
	archiveVersion = 1;
	classes = {
	};
	objectVersion = 50;
	objects = {

/* Begin PBXBuildFile section */
		8C6F7CB12707627300C806E8 /* AppDelegate.swift in Sources */ = {isa = PBXBuildFile; fileRef = 8C6F7CB02707627300C806E8 /* AppDelegate.swift */; };
		8C6F7CB32707627300C806E8 /* SceneDelegate.swift in Sources */ = {isa = PBXBuildFile; fileRef = 8C6F7CB22707627300C806E8 /* SceneDelegate.swift */; };
		8C6F7CB82707627300C806E8 /* Main.storyboard in Resources */ = {isa = PBXBuildFile; fileRef = 8C6F7CB62707627300C806E8 /* Main.storyboard */; };
		8C6F7CBA2707627B00C806E8 /* Assets.xcassets in Resources */ = {isa = PBXBuildFile; fileRef = 8C6F7CB92707627B00C806E8 /* Assets.xcassets */; };
		8C6F7CBD2707627B00C806E8 /* LaunchScreen.storyboard in Resources */ = {isa = PBXBuildFile; fileRef = 8C6F7CBB2707627B00C806E8 /* LaunchScreen.storyboard */; };
		8C6F7CC82707627B00C806E8 /* FetchRewardsTests.swift in Sources */ = {isa = PBXBuildFile; fileRef = 8C6F7CC72707627B00C806E8 /* FetchRewardsTests.swift */; };
		8C6F7CD32707627B00C806E8 /* FetchRewardsUITests.swift in Sources */ = {isa = PBXBuildFile; fileRef = 8C6F7CD22707627B00C806E8 /* FetchRewardsUITests.swift */; };
		8C6F7CE12707631300C806E8 /* iOS+coding+exercise.pdf in Resources */ = {isa = PBXBuildFile; fileRef = 8C6F7CE02707631300C806E8 /* iOS+coding+exercise.pdf */; };
		8C6F7CE3270763EC00C806E8 /* Note.rtf in Resources */ = {isa = PBXBuildFile; fileRef = 8C6F7CE2270763EC00C806E8 /* Note.rtf */; };
		8C6F7CE52707739B00C806E8 /* CategoryTableViewController.swift in Sources */ = {isa = PBXBuildFile; fileRef = 8C6F7CE42707739B00C806E8 /* CategoryTableViewController.swift */; };
		8C6F7CE62707739B00C806E8 /* CategoryTableViewController.swift in Sources */ = {isa = PBXBuildFile; fileRef = 8C6F7CE42707739B00C806E8 /* CategoryTableViewController.swift */; };
		8C6F7CE72707739B00C806E8 /* CategoryTableViewController.swift in Sources */ = {isa = PBXBuildFile; fileRef = 8C6F7CE42707739B00C806E8 /* CategoryTableViewController.swift */; };
		8C701291270A69B2008A1C03 /* CategoryTableViewCell.swift in Sources */ = {isa = PBXBuildFile; fileRef = 8C701290270A69B2008A1C03 /* CategoryTableViewCell.swift */; };
		8C701292270A69B2008A1C03 /* CategoryTableViewCell.swift in Sources */ = {isa = PBXBuildFile; fileRef = 8C701290270A69B2008A1C03 /* CategoryTableViewCell.swift */; };
		8C701293270A69B2008A1C03 /* CategoryTableViewCell.swift in Sources */ = {isa = PBXBuildFile; fileRef = 8C701290270A69B2008A1C03 /* CategoryTableViewCell.swift */; };
		8C701295270ABE2A008A1C03 /* Category.swift in Sources */ = {isa = PBXBuildFile; fileRef = 8C701294270ABE2A008A1C03 /* Category.swift */; };
		8C701296270ABE2A008A1C03 /* Category.swift in Sources */ = {isa = PBXBuildFile; fileRef = 8C701294270ABE2A008A1C03 /* Category.swift */; };
		8C701297270ABE2A008A1C03 /* Category.swift in Sources */ = {isa = PBXBuildFile; fileRef = 8C701294270ABE2A008A1C03 /* Category.swift */; };
		8C74CF70270D401A005F3533 /* MealsTableViewController.swift in Sources */ = {isa = PBXBuildFile; fileRef = 8C74CF6F270D401A005F3533 /* MealsTableViewController.swift */; };
		8C74CF71270D401A005F3533 /* MealsTableViewController.swift in Sources */ = {isa = PBXBuildFile; fileRef = 8C74CF6F270D401A005F3533 /* MealsTableViewController.swift */; };
		8C74CF72270D401A005F3533 /* MealsTableViewController.swift in Sources */ = {isa = PBXBuildFile; fileRef = 8C74CF6F270D401A005F3533 /* MealsTableViewController.swift */; };
		8C74CF78270D44DC005F3533 /* Meal.swift in Sources */ = {isa = PBXBuildFile; fileRef = 8C74CF77270D44DC005F3533 /* Meal.swift */; };
		8C74CF79270D44DC005F3533 /* Meal.swift in Sources */ = {isa = PBXBuildFile; fileRef = 8C74CF77270D44DC005F3533 /* Meal.swift */; };
		8C74CF7A270D44DC005F3533 /* Meal.swift in Sources */ = {isa = PBXBuildFile; fileRef = 8C74CF77270D44DC005F3533 /* Meal.swift */; };
		8C74CF80270D5292005F3533 /* MealsTableViewCell.swift in Sources */ = {isa = PBXBuildFile; fileRef = 8C74CF7F270D5292005F3533 /* MealsTableViewCell.swift */; };
		8C74CF81270D5292005F3533 /* MealsTableViewCell.swift in Sources */ = {isa = PBXBuildFile; fileRef = 8C74CF7F270D5292005F3533 /* MealsTableViewCell.swift */; };
		8C74CF82270D5292005F3533 /* MealsTableViewCell.swift in Sources */ = {isa = PBXBuildFile; fileRef = 8C74CF7F270D5292005F3533 /* MealsTableViewCell.swift */; };
/* End PBXBuildFile section */

/* Begin PBXContainerItemProxy section */
		8C6F7CC42707627B00C806E8 /* PBXContainerItemProxy */ = {
			isa = PBXContainerItemProxy;
			containerPortal = 8C6F7CA52707627300C806E8 /* Project object */;
			proxyType = 1;
			remoteGlobalIDString = 8C6F7CAC2707627300C806E8;
			remoteInfo = FetchRewards;
		};
		8C6F7CCF2707627B00C806E8 /* PBXContainerItemProxy */ = {
			isa = PBXContainerItemProxy;
			containerPortal = 8C6F7CA52707627300C806E8 /* Project object */;
			proxyType = 1;
			remoteGlobalIDString = 8C6F7CAC2707627300C806E8;
			remoteInfo = FetchRewards;
		};
/* End PBXContainerItemProxy section */

/* Begin PBXFileReference section */
		8C6F7CAD2707627300C806E8 /* FetchRewards.app */ = {isa = PBXFileReference; explicitFileType = wrapper.application; includeInIndex = 0; path = FetchRewards.app; sourceTree = BUILT_PRODUCTS_DIR; };
		8C6F7CB02707627300C806E8 /* AppDelegate.swift */ = {isa = PBXFileReference; lastKnownFileType = sourcecode.swift; path = AppDelegate.swift; sourceTree = "<group>"; };
		8C6F7CB22707627300C806E8 /* SceneDelegate.swift */ = {isa = PBXFileReference; lastKnownFileType = sourcecode.swift; path = SceneDelegate.swift; sourceTree = "<group>"; };
		8C6F7CB72707627300C806E8 /* Base */ = {isa = PBXFileReference; lastKnownFileType = file.storyboard; name = Base; path = Base.lproj/Main.storyboard; sourceTree = "<group>"; };
		8C6F7CB92707627B00C806E8 /* Assets.xcassets */ = {isa = PBXFileReference; lastKnownFileType = folder.assetcatalog; path = Assets.xcassets; sourceTree = "<group>"; };
		8C6F7CBC2707627B00C806E8 /* Base */ = {isa = PBXFileReference; lastKnownFileType = file.storyboard; name = Base; path = Base.lproj/LaunchScreen.storyboard; sourceTree = "<group>"; };
		8C6F7CBE2707627B00C806E8 /* Info.plist */ = {isa = PBXFileReference; lastKnownFileType = text.plist.xml; path = Info.plist; sourceTree = "<group>"; };
		8C6F7CC32707627B00C806E8 /* FetchRewardsTests.xctest */ = {isa = PBXFileReference; explicitFileType = wrapper.cfbundle; includeInIndex = 0; path = FetchRewardsTests.xctest; sourceTree = BUILT_PRODUCTS_DIR; };
		8C6F7CC72707627B00C806E8 /* FetchRewardsTests.swift */ = {isa = PBXFileReference; lastKnownFileType = sourcecode.swift; path = FetchRewardsTests.swift; sourceTree = "<group>"; };
		8C6F7CC92707627B00C806E8 /* Info.plist */ = {isa = PBXFileReference; lastKnownFileType = text.plist.xml; path = Info.plist; sourceTree = "<group>"; };
		8C6F7CCE2707627B00C806E8 /* FetchRewardsUITests.xctest */ = {isa = PBXFileReference; explicitFileType = wrapper.cfbundle; includeInIndex = 0; path = FetchRewardsUITests.xctest; sourceTree = BUILT_PRODUCTS_DIR; };
		8C6F7CD22707627B00C806E8 /* FetchRewardsUITests.swift */ = {isa = PBXFileReference; lastKnownFileType = sourcecode.swift; path = FetchRewardsUITests.swift; sourceTree = "<group>"; };
		8C6F7CD42707627B00C806E8 /* Info.plist */ = {isa = PBXFileReference; lastKnownFileType = text.plist.xml; path = Info.plist; sourceTree = "<group>"; };
		8C6F7CE02707631300C806E8 /* iOS+coding+exercise.pdf */ = {isa = PBXFileReference; lastKnownFileType = image.pdf; path = "iOS+coding+exercise.pdf"; sourceTree = "<group>"; };
		8C6F7CE2270763EC00C806E8 /* Note.rtf */ = {isa = PBXFileReference; lastKnownFileType = text.rtf; path = Note.rtf; sourceTree = "<group>"; };
		8C6F7CE42707739B00C806E8 /* CategoryTableViewController.swift */ = {isa = PBXFileReference; lastKnownFileType = sourcecode.swift; path = CategoryTableViewController.swift; sourceTree = "<group>"; };
		8C701290270A69B2008A1C03 /* CategoryTableViewCell.swift */ = {isa = PBXFileReference; lastKnownFileType = sourcecode.swift; path = CategoryTableViewCell.swift; sourceTree = "<group>"; };
		8C701294270ABE2A008A1C03 /* Category.swift */ = {isa = PBXFileReference; lastKnownFileType = sourcecode.swift; path = Category.swift; sourceTree = "<group>"; };
		8C74CF6F270D401A005F3533 /* MealsTableViewController.swift */ = {isa = PBXFileReference; lastKnownFileType = sourcecode.swift; path = MealsTableViewController.swift; sourceTree = "<group>"; };
		8C74CF77270D44DC005F3533 /* Meal.swift */ = {isa = PBXFileReference; lastKnownFileType = sourcecode.swift; path = Meal.swift; sourceTree = "<group>"; };
		8C74CF7F270D5292005F3533 /* MealsTableViewCell.swift */ = {isa = PBXFileReference; lastKnownFileType = sourcecode.swift; path = MealsTableViewCell.swift; sourceTree = "<group>"; };
/* End PBXFileReference section */

/* Begin PBXFrameworksBuildPhase section */
		8C6F7CAA2707627300C806E8 /* Frameworks */ = {
			isa = PBXFrameworksBuildPhase;
			buildActionMask = 2147483647;
			files = (
			);
			runOnlyForDeploymentPostprocessing = 0;
		};
		8C6F7CC02707627B00C806E8 /* Frameworks */ = {
			isa = PBXFrameworksBuildPhase;
			buildActionMask = 2147483647;
			files = (
			);
			runOnlyForDeploymentPostprocessing = 0;
		};
		8C6F7CCB2707627B00C806E8 /* Frameworks */ = {
			isa = PBXFrameworksBuildPhase;
			buildActionMask = 2147483647;
			files = (
			);
			runOnlyForDeploymentPostprocessing = 0;
		};
/* End PBXFrameworksBuildPhase section */

/* Begin PBXGroup section */
		8C6F7CA42707627300C806E8 = {
			isa = PBXGroup;
			children = (
				8C6F7CE2270763EC00C806E8 /* Note.rtf */,
				8C6F7CE02707631300C806E8 /* iOS+coding+exercise.pdf */,
				8C6F7CAF2707627300C806E8 /* FetchRewards */,
				8C6F7CC62707627B00C806E8 /* FetchRewardsTests */,
				8C6F7CD12707627B00C806E8 /* FetchRewardsUITests */,
				8C6F7CAE2707627300C806E8 /* Products */,
			);
			sourceTree = "<group>";
		};
		8C6F7CAE2707627300C806E8 /* Products */ = {
			isa = PBXGroup;
			children = (
				8C6F7CAD2707627300C806E8 /* FetchRewards.app */,
				8C6F7CC32707627B00C806E8 /* FetchRewardsTests.xctest */,
				8C6F7CCE2707627B00C806E8 /* FetchRewardsUITests.xctest */,
			);
			name = Products;
			sourceTree = "<group>";
		};
		8C6F7CAF2707627300C806E8 /* FetchRewards */ = {
			isa = PBXGroup;
			children = (
				8C6F7CB02707627300C806E8 /* AppDelegate.swift */,
				8C6F7CB22707627300C806E8 /* SceneDelegate.swift */,
				8C6F7CE42707739B00C806E8 /* CategoryTableViewController.swift */,
				8C701290270A69B2008A1C03 /* CategoryTableViewCell.swift */,
				8C6F7CB62707627300C806E8 /* Main.storyboard */,
				8C74CF6F270D401A005F3533 /* MealsTableViewController.swift */,
				8C74CF7F270D5292005F3533 /* MealsTableViewCell.swift */,
				8C6F7CB92707627B00C806E8 /* Assets.xcassets */,
				8C6F7CBB2707627B00C806E8 /* LaunchScreen.storyboard */,
				8C6F7CBE2707627B00C806E8 /* Info.plist */,
				8C701294270ABE2A008A1C03 /* Category.swift */,
				8C74CF77270D44DC005F3533 /* Meal.swift */,
			);
			path = FetchRewards;
			sourceTree = "<group>";
		};
		8C6F7CC62707627B00C806E8 /* FetchRewardsTests */ = {
			isa = PBXGroup;
			children = (
				8C6F7CC72707627B00C806E8 /* FetchRewardsTests.swift */,
				8C6F7CC92707627B00C806E8 /* Info.plist */,
			);
			path = FetchRewardsTests;
			sourceTree = "<group>";
		};
		8C6F7CD12707627B00C806E8 /* FetchRewardsUITests */ = {
			isa = PBXGroup;
			children = (
				8C6F7CD22707627B00C806E8 /* FetchRewardsUITests.swift */,
				8C6F7CD42707627B00C806E8 /* Info.plist */,
			);
			path = FetchRewardsUITests;
			sourceTree = "<group>";
		};
/* End PBXGroup section */

/* Begin PBXNativeTarget section */
		8C6F7CAC2707627300C806E8 /* FetchRewards */ = {
			isa = PBXNativeTarget;
			buildConfigurationList = 8C6F7CD72707627B00C806E8 /* Build configuration list for PBXNativeTarget "FetchRewards" */;
			buildPhases = (
				8C6F7CA92707627300C806E8 /* Sources */,
				8C6F7CAA2707627300C806E8 /* Frameworks */,
				8C6F7CAB2707627300C806E8 /* Resources */,
			);
			buildRules = (
			);
			dependencies = (
			);
			name = FetchRewards;
			productName = FetchRewards;
			productReference = 8C6F7CAD2707627300C806E8 /* FetchRewards.app */;
			productType = "com.apple.product-type.application";
		};
		8C6F7CC22707627B00C806E8 /* FetchRewardsTests */ = {
			isa = PBXNativeTarget;
			buildConfigurationList = 8C6F7CDA2707627B00C806E8 /* Build configuration list for PBXNativeTarget "FetchRewardsTests" */;
			buildPhases = (
				8C6F7CBF2707627B00C806E8 /* Sources */,
				8C6F7CC02707627B00C806E8 /* Frameworks */,
				8C6F7CC12707627B00C806E8 /* Resources */,
			);
			buildRules = (
			);
			dependencies = (
				8C6F7CC52707627B00C806E8 /* PBXTargetDependency */,
			);
			name = FetchRewardsTests;
			productName = FetchRewardsTests;
			productReference = 8C6F7CC32707627B00C806E8 /* FetchRewardsTests.xctest */;
			productType = "com.apple.product-type.bundle.unit-test";
		};
		8C6F7CCD2707627B00C806E8 /* FetchRewardsUITests */ = {
			isa = PBXNativeTarget;
			buildConfigurationList = 8C6F7CDD2707627B00C806E8 /* Build configuration list for PBXNativeTarget "FetchRewardsUITests" */;
			buildPhases = (
				8C6F7CCA2707627B00C806E8 /* Sources */,
				8C6F7CCB2707627B00C806E8 /* Frameworks */,
				8C6F7CCC2707627B00C806E8 /* Resources */,
			);
			buildRules = (
			);
			dependencies = (
				8C6F7CD02707627B00C806E8 /* PBXTargetDependency */,
			);
			name = FetchRewardsUITests;
			productName = FetchRewardsUITests;
			productReference = 8C6F7CCE2707627B00C806E8 /* FetchRewardsUITests.xctest */;
			productType = "com.apple.product-type.bundle.ui-testing";
		};
/* End PBXNativeTarget section */

/* Begin PBXProject section */
		8C6F7CA52707627300C806E8 /* Project object */ = {
			isa = PBXProject;
			attributes = {
				LastSwiftUpdateCheck = 1150;
				LastUpgradeCheck = 1150;
				ORGANIZATIONNAME = "Tatsuya Moriguchi";
				TargetAttributes = {
					8C6F7CAC2707627300C806E8 = {
						CreatedOnToolsVersion = 11.5;
					};
					8C6F7CC22707627B00C806E8 = {
						CreatedOnToolsVersion = 11.5;
						TestTargetID = 8C6F7CAC2707627300C806E8;
					};
					8C6F7CCD2707627B00C806E8 = {
						CreatedOnToolsVersion = 11.5;
						TestTargetID = 8C6F7CAC2707627300C806E8;
					};
				};
			};
			buildConfigurationList = 8C6F7CA82707627300C806E8 /* Build configuration list for PBXProject "FetchRewards" */;
			compatibilityVersion = "Xcode 9.3";
			developmentRegion = en;
			hasScannedForEncodings = 0;
			knownRegions = (
				en,
				Base,
			);
			mainGroup = 8C6F7CA42707627300C806E8;
			productRefGroup = 8C6F7CAE2707627300C806E8 /* Products */;
			projectDirPath = "";
			projectRoot = "";
			targets = (
				8C6F7CAC2707627300C806E8 /* FetchRewards */,
				8C6F7CC22707627B00C806E8 /* FetchRewardsTests */,
				8C6F7CCD2707627B00C806E8 /* FetchRewardsUITests */,
			);
		};
/* End PBXProject section */

/* Begin PBXResourcesBuildPhase section */
		8C6F7CAB2707627300C806E8 /* Resources */ = {
			isa = PBXResourcesBuildPhase;
			buildActionMask = 2147483647;
			files = (
				8C6F7CE3270763EC00C806E8 /* Note.rtf in Resources */,
				8C6F7CE12707631300C806E8 /* iOS+coding+exercise.pdf in Resources */,
				8C6F7CBD2707627B00C806E8 /* LaunchScreen.storyboard in Resources */,
				8C6F7CBA2707627B00C806E8 /* Assets.xcassets in Resources */,
				8C6F7CB82707627300C806E8 /* Main.storyboard in Resources */,
			);
			runOnlyForDeploymentPostprocessing = 0;
		};
		8C6F7CC12707627B00C806E8 /* Resources */ = {
			isa = PBXResourcesBuildPhase;
			buildActionMask = 2147483647;
			files = (
			);
			runOnlyForDeploymentPostprocessing = 0;
		};
		8C6F7CCC2707627B00C806E8 /* Resources */ = {
			isa = PBXResourcesBuildPhase;
			buildActionMask = 2147483647;
			files = (
			);
			runOnlyForDeploymentPostprocessing = 0;
		};
/* End PBXResourcesBuildPhase section */

/* Begin PBXSourcesBuildPhase section */
		8C6F7CA92707627300C806E8 /* Sources */ = {
			isa = PBXSourcesBuildPhase;
			buildActionMask = 2147483647;
			files = (
				8C74CF80270D5292005F3533 /* MealsTableViewCell.swift in Sources */,
				8C701291270A69B2008A1C03 /* CategoryTableViewCell.swift in Sources */,
				8C701295270ABE2A008A1C03 /* Category.swift in Sources */,
				8C74CF78270D44DC005F3533 /* Meal.swift in Sources */,
				8C74CF70270D401A005F3533 /* MealsTableViewController.swift in Sources */,
				8C6F7CB12707627300C806E8 /* AppDelegate.swift in Sources */,
				8C6F7CB32707627300C806E8 /* SceneDelegate.swift in Sources */,
				8C6F7CE52707739B00C806E8 /* CategoryTableViewController.swift in Sources */,
			);
			runOnlyForDeploymentPostprocessing = 0;
		};
		8C6F7CBF2707627B00C806E8 /* Sources */ = {
			isa = PBXSourcesBuildPhase;
			buildActionMask = 2147483647;
			files = (
				8C74CF71270D401A005F3533 /* MealsTableViewController.swift in Sources */,
				8C6F7CC82707627B00C806E8 /* FetchRewardsTests.swift in Sources */,
				8C6F7CE62707739B00C806E8 /* CategoryTableViewController.swift in Sources */,
				8C701292270A69B2008A1C03 /* CategoryTableViewCell.swift in Sources */,
				8C74CF79270D44DC005F3533 /* Meal.swift in Sources */,
				8C701296270ABE2A008A1C03 /* Category.swift in Sources */,
				8C74CF81270D5292005F3533 /* MealsTableViewCell.swift in Sources */,
			);
			runOnlyForDeploymentPostprocessing = 0;
		};
		8C6F7CCA2707627B00C806E8 /* Sources */ = {
			isa = PBXSourcesBuildPhase;
			buildActionMask = 2147483647;
			files = (
				8C74CF72270D401A005F3533 /* MealsTableViewController.swift in Sources */,
				8C6F7CD32707627B00C806E8 /* FetchRewardsUITests.swift in Sources */,
				8C6F7CE72707739B00C806E8 /* CategoryTableViewController.swift in Sources */,
				8C701293270A69B2008A1C03 /* CategoryTableViewCell.swift in Sources */,
				8C74CF7A270D44DC005F3533 /* Meal.swift in Sources */,
				8C701297270ABE2A008A1C03 /* Category.swift in Sources */,
				8C74CF82270D5292005F3533 /* MealsTableViewCell.swift in Sources */,
			);
			runOnlyForDeploymentPostprocessing = 0;
		};
/* End PBXSourcesBuildPhase section */

/* Begin PBXTargetDependency section */
		8C6F7CC52707627B00C806E8 /* PBXTargetDependency */ = {
			isa = PBXTargetDependency;
			target = 8C6F7CAC2707627300C806E8 /* FetchRewards */;
			targetProxy = 8C6F7CC42707627B00C806E8 /* PBXContainerItemProxy */;
		};
		8C6F7CD02707627B00C806E8 /* PBXTargetDependency */ = {
			isa = PBXTargetDependency;
			target = 8C6F7CAC2707627300C806E8 /* FetchRewards */;
			targetProxy = 8C6F7CCF2707627B00C806E8 /* PBXContainerItemProxy */;
		};
/* End PBXTargetDependency section */

/* Begin PBXVariantGroup section */
		8C6F7CB62707627300C806E8 /* Main.storyboard */ = {
			isa = PBXVariantGroup;
			children = (
				8C6F7CB72707627300C806E8 /* Base */,
			);
			name = Main.storyboard;
			sourceTree = "<group>";
		};
		8C6F7CBB2707627B00C806E8 /* LaunchScreen.storyboard */ = {
			isa = PBXVariantGroup;
			children = (
				8C6F7CBC2707627B00C806E8 /* Base */,
			);
			name = LaunchScreen.storyboard;
			sourceTree = "<group>";
		};
/* End PBXVariantGroup section */

/* Begin XCBuildConfiguration section */
		8C6F7CD52707627B00C806E8 /* Debug */ = {
			isa = XCBuildConfiguration;
			buildSettings = {
				ALWAYS_SEARCH_USER_PATHS = NO;
				CLANG_ANALYZER_NONNULL = YES;
				CLANG_ANALYZER_NUMBER_OBJECT_CONVERSION = YES_AGGRESSIVE;
				CLANG_CXX_LANGUAGE_STANDARD = "gnu++14";
				CLANG_CXX_LIBRARY = "libc++";
				CLANG_ENABLE_MODULES = YES;
				CLANG_ENABLE_OBJC_ARC = YES;
				CLANG_ENABLE_OBJC_WEAK = YES;
				CLANG_WARN_BLOCK_CAPTURE_AUTORELEASING = YES;
				CLANG_WARN_BOOL_CONVERSION = YES;
				CLANG_WARN_COMMA = YES;
				CLANG_WARN_CONSTANT_CONVERSION = YES;
				CLANG_WARN_DEPRECATED_OBJC_IMPLEMENTATIONS = YES;
				CLANG_WARN_DIRECT_OBJC_ISA_USAGE = YES_ERROR;
				CLANG_WARN_DOCUMENTATION_COMMENTS = YES;
				CLANG_WARN_EMPTY_BODY = YES;
				CLANG_WARN_ENUM_CONVERSION = YES;
				CLANG_WARN_INFINITE_RECURSION = YES;
				CLANG_WARN_INT_CONVERSION = YES;
				CLANG_WARN_NON_LITERAL_NULL_CONVERSION = YES;
				CLANG_WARN_OBJC_IMPLICIT_RETAIN_SELF = YES;
				CLANG_WARN_OBJC_LITERAL_CONVERSION = YES;
				CLANG_WARN_OBJC_ROOT_CLASS = YES_ERROR;
				CLANG_WARN_RANGE_LOOP_ANALYSIS = YES;
				CLANG_WARN_STRICT_PROTOTYPES = YES;
				CLANG_WARN_SUSPICIOUS_MOVE = YES;
				CLANG_WARN_UNGUARDED_AVAILABILITY = YES_AGGRESSIVE;
				CLANG_WARN_UNREACHABLE_CODE = YES;
				CLANG_WARN__DUPLICATE_METHOD_MATCH = YES;
				COPY_PHASE_STRIP = NO;
				DEBUG_INFORMATION_FORMAT = dwarf;
				ENABLE_STRICT_OBJC_MSGSEND = YES;
				ENABLE_TESTABILITY = YES;
				GCC_C_LANGUAGE_STANDARD = gnu11;
				GCC_DYNAMIC_NO_PIC = NO;
				GCC_NO_COMMON_BLOCKS = YES;
				GCC_OPTIMIZATION_LEVEL = 0;
				GCC_PREPROCESSOR_DEFINITIONS = (
					"DEBUG=1",
					"$(inherited)",
				);
				GCC_WARN_64_TO_32_BIT_CONVERSION = YES;
				GCC_WARN_ABOUT_RETURN_TYPE = YES_ERROR;
				GCC_WARN_UNDECLARED_SELECTOR = YES;
				GCC_WARN_UNINITIALIZED_AUTOS = YES_AGGRESSIVE;
				GCC_WARN_UNUSED_FUNCTION = YES;
				GCC_WARN_UNUSED_VARIABLE = YES;
				IPHONEOS_DEPLOYMENT_TARGET = 13.5;
				MTL_ENABLE_DEBUG_INFO = INCLUDE_SOURCE;
				MTL_FAST_MATH = YES;
				ONLY_ACTIVE_ARCH = YES;
				SDKROOT = iphoneos;
				SWIFT_ACTIVE_COMPILATION_CONDITIONS = DEBUG;
				SWIFT_OPTIMIZATION_LEVEL = "-Onone";
			};
			name = Debug;
		};
		8C6F7CD62707627B00C806E8 /* Release */ = {
			isa = XCBuildConfiguration;
			buildSettings = {
				ALWAYS_SEARCH_USER_PATHS = NO;
				CLANG_ANALYZER_NONNULL = YES;
				CLANG_ANALYZER_NUMBER_OBJECT_CONVERSION = YES_AGGRESSIVE;
				CLANG_CXX_LANGUAGE_STANDARD = "gnu++14";
				CLANG_CXX_LIBRARY = "libc++";
				CLANG_ENABLE_MODULES = YES;
				CLANG_ENABLE_OBJC_ARC = YES;
				CLANG_ENABLE_OBJC_WEAK = YES;
				CLANG_WARN_BLOCK_CAPTURE_AUTORELEASING = YES;
				CLANG_WARN_BOOL_CONVERSION = YES;
				CLANG_WARN_COMMA = YES;
				CLANG_WARN_CONSTANT_CONVERSION = YES;
				CLANG_WARN_DEPRECATED_OBJC_IMPLEMENTATIONS = YES;
				CLANG_WARN_DIRECT_OBJC_ISA_USAGE = YES_ERROR;
				CLANG_WARN_DOCUMENTATION_COMMENTS = YES;
				CLANG_WARN_EMPTY_BODY = YES;
				CLANG_WARN_ENUM_CONVERSION = YES;
				CLANG_WARN_INFINITE_RECURSION = YES;
				CLANG_WARN_INT_CONVERSION = YES;
				CLANG_WARN_NON_LITERAL_NULL_CONVERSION = YES;
				CLANG_WARN_OBJC_IMPLICIT_RETAIN_SELF = YES;
				CLANG_WARN_OBJC_LITERAL_CONVERSION = YES;
				CLANG_WARN_OBJC_ROOT_CLASS = YES_ERROR;
				CLANG_WARN_RANGE_LOOP_ANALYSIS = YES;
				CLANG_WARN_STRICT_PROTOTYPES = YES;
				CLANG_WARN_SUSPICIOUS_MOVE = YES;
				CLANG_WARN_UNGUARDED_AVAILABILITY = YES_AGGRESSIVE;
				CLANG_WARN_UNREACHABLE_CODE = YES;
				CLANG_WARN__DUPLICATE_METHOD_MATCH = YES;
				COPY_PHASE_STRIP = NO;
				DEBUG_INFORMATION_FORMAT = "dwarf-with-dsym";
				ENABLE_NS_ASSERTIONS = NO;
				ENABLE_STRICT_OBJC_MSGSEND = YES;
				GCC_C_LANGUAGE_STANDARD = gnu11;
				GCC_NO_COMMON_BLOCKS = YES;
				GCC_WARN_64_TO_32_BIT_CONVERSION = YES;
				GCC_WARN_ABOUT_RETURN_TYPE = YES_ERROR;
				GCC_WARN_UNDECLARED_SELECTOR = YES;
				GCC_WARN_UNINITIALIZED_AUTOS = YES_AGGRESSIVE;
				GCC_WARN_UNUSED_FUNCTION = YES;
				GCC_WARN_UNUSED_VARIABLE = YES;
				IPHONEOS_DEPLOYMENT_TARGET = 13.5;
				MTL_ENABLE_DEBUG_INFO = NO;
				MTL_FAST_MATH = YES;
				SDKROOT = iphoneos;
				SWIFT_COMPILATION_MODE = wholemodule;
				SWIFT_OPTIMIZATION_LEVEL = "-O";
				VALIDATE_PRODUCT = YES;
			};
			name = Release;
		};
		8C6F7CD82707627B00C806E8 /* Debug */ = {
			isa = XCBuildConfiguration;
			buildSettings = {
				ASSETCATALOG_COMPILER_APPICON_NAME = AppIcon;
				CODE_SIGN_STYLE = Automatic;
				DEVELOPMENT_TEAM = GY7BG2G9TC;
				INFOPLIST_FILE = FetchRewards/Info.plist;
				LD_RUNPATH_SEARCH_PATHS = (
					"$(inherited)",
					"@executable_path/Frameworks",
				);
				PRODUCT_BUNDLE_IDENTIFIER = com.beckos.FetchRewards;
				PRODUCT_NAME = "$(TARGET_NAME)";
				SWIFT_VERSION = 5.0;
				TARGETED_DEVICE_FAMILY = "1,2";
			};
			name = Debug;
		};
		8C6F7CD92707627B00C806E8 /* Release */ = {
			isa = XCBuildConfiguration;
			buildSettings = {
				ASSETCATALOG_COMPILER_APPICON_NAME = AppIcon;
				CODE_SIGN_STYLE = Automatic;
				DEVELOPMENT_TEAM = GY7BG2G9TC;
				INFOPLIST_FILE = FetchRewards/Info.plist;
				LD_RUNPATH_SEARCH_PATHS = (
					"$(inherited)",
					"@executable_path/Frameworks",
				);
				PRODUCT_BUNDLE_IDENTIFIER = com.beckos.FetchRewards;
				PRODUCT_NAME = "$(TARGET_NAME)";
				SWIFT_VERSION = 5.0;
				TARGETED_DEVICE_FAMILY = "1,2";
			};
			name = Release;
		};
		8C6F7CDB2707627B00C806E8 /* Debug */ = {
			isa = XCBuildConfiguration;
			buildSettings = {
				ALWAYS_EMBED_SWIFT_STANDARD_LIBRARIES = YES;
				BUNDLE_LOADER = "$(TEST_HOST)";
				CODE_SIGN_STYLE = Automatic;
				DEVELOPMENT_TEAM = GY7BG2G9TC;
				INFOPLIST_FILE = FetchRewardsTests/Info.plist;
				IPHONEOS_DEPLOYMENT_TARGET = 13.5;
				LD_RUNPATH_SEARCH_PATHS = (
					"$(inherited)",
					"@executable_path/Frameworks",
					"@loader_path/Frameworks",
				);
				PRODUCT_BUNDLE_IDENTIFIER = com.beckos.FetchRewardsTests;
				PRODUCT_NAME = "$(TARGET_NAME)";
				SWIFT_VERSION = 5.0;
				TARGETED_DEVICE_FAMILY = "1,2";
				TEST_HOST = "$(BUILT_PRODUCTS_DIR)/FetchRewards.app/FetchRewards";
			};
			name = Debug;
		};
		8C6F7CDC2707627B00C806E8 /* Release */ = {
			isa = XCBuildConfiguration;
			buildSettings = {
				ALWAYS_EMBED_SWIFT_STANDARD_LIBRARIES = YES;
				BUNDLE_LOADER = "$(TEST_HOST)";
				CODE_SIGN_STYLE = Automatic;
				DEVELOPMENT_TEAM = GY7BG2G9TC;
				INFOPLIST_FILE = FetchRewardsTests/Info.plist;
				IPHONEOS_DEPLOYMENT_TARGET = 13.5;
				LD_RUNPATH_SEARCH_PATHS = (
					"$(inherited)",
					"@executable_path/Frameworks",
					"@loader_path/Frameworks",
				);
				PRODUCT_BUNDLE_IDENTIFIER = com.beckos.FetchRewardsTests;
				PRODUCT_NAME = "$(TARGET_NAME)";
				SWIFT_VERSION = 5.0;
				TARGETED_DEVICE_FAMILY = "1,2";
				TEST_HOST = "$(BUILT_PRODUCTS_DIR)/FetchRewards.app/FetchRewards";
			};
			name = Release;
		};
		8C6F7CDE2707627B00C806E8 /* Debug */ = {
			isa = XCBuildConfiguration;
			buildSettings = {
				ALWAYS_EMBED_SWIFT_STANDARD_LIBRARIES = YES;
				CODE_SIGN_STYLE = Automatic;
				DEVELOPMENT_TEAM = GY7BG2G9TC;
				INFOPLIST_FILE = FetchRewardsUITests/Info.plist;
				LD_RUNPATH_SEARCH_PATHS = (
					"$(inherited)",
					"@executable_path/Frameworks",
					"@loader_path/Frameworks",
				);
				PRODUCT_BUNDLE_IDENTIFIER = com.beckos.FetchRewardsUITests;
				PRODUCT_NAME = "$(TARGET_NAME)";
				SWIFT_VERSION = 5.0;
				TARGETED_DEVICE_FAMILY = "1,2";
				TEST_TARGET_NAME = FetchRewards;
			};
			name = Debug;
		};
		8C6F7CDF2707627B00C806E8 /* Release */ = {
			isa = XCBuildConfiguration;
			buildSettings = {
				ALWAYS_EMBED_SWIFT_STANDARD_LIBRARIES = YES;
				CODE_SIGN_STYLE = Automatic;
				DEVELOPMENT_TEAM = GY7BG2G9TC;
				INFOPLIST_FILE = FetchRewardsUITests/Info.plist;
				LD_RUNPATH_SEARCH_PATHS = (
					"$(inherited)",
					"@executable_path/Frameworks",
					"@loader_path/Frameworks",
				);
				PRODUCT_BUNDLE_IDENTIFIER = com.beckos.FetchRewardsUITests;
				PRODUCT_NAME = "$(TARGET_NAME)";
				SWIFT_VERSION = 5.0;
				TARGETED_DEVICE_FAMILY = "1,2";
				TEST_TARGET_NAME = FetchRewards;
			};
			name = Release;
		};
/* End XCBuildConfiguration section */

/* Begin XCConfigurationList section */
		8C6F7CA82707627300C806E8 /* Build configuration list for PBXProject "FetchRewards" */ = {
			isa = XCConfigurationList;
			buildConfigurations = (
				8C6F7CD52707627B00C806E8 /* Debug */,
				8C6F7CD62707627B00C806E8 /* Release */,
			);
			defaultConfigurationIsVisible = 0;
			defaultConfigurationName = Release;
		};
		8C6F7CD72707627B00C806E8 /* Build configuration list for PBXNativeTarget "FetchRewards" */ = {
			isa = XCConfigurationList;
			buildConfigurations = (
				8C6F7CD82707627B00C806E8 /* Debug */,
				8C6F7CD92707627B00C806E8 /* Release */,
			);
			defaultConfigurationIsVisible = 0;
			defaultConfigurationName = Release;
		};
		8C6F7CDA2707627B00C806E8 /* Build configuration list for PBXNativeTarget "FetchRewardsTests" */ = {
			isa = XCConfigurationList;
			buildConfigurations = (
				8C6F7CDB2707627B00C806E8 /* Debug */,
				8C6F7CDC2707627B00C806E8 /* Release */,
			);
			defaultConfigurationIsVisible = 0;
			defaultConfigurationName = Release;
		};
		8C6F7CDD2707627B00C806E8 /* Build configuration list for PBXNativeTarget "FetchRewardsUITests" */ = {
			isa = XCConfigurationList;
			buildConfigurations = (
				8C6F7CDE2707627B00C806E8 /* Debug */,
				8C6F7CDF2707627B00C806E8 /* Release */,
			);
			defaultConfigurationIsVisible = 0;
			defaultConfigurationName = Release;
		};
/* End XCConfigurationList section */
	};
	rootObject = 8C6F7CA52707627300C806E8 /* Project object */;
}
